
Microsoft Visual Studio Solution File, Format Version 12.00
# Visual Studio 14
VisualStudioVersion = 14.0.23107.0
MinimumVisualStudioVersion = 10.0.40219.1
Project("{8BC9CEB8-8B4A-11D0-8D11-00A0C91BC942}") = "Lab12.9", "Lab12.9\Lab12.9.vcxproj", "{B69B2784-72CD-49BC-BFC9-4681371D0A19}"
EndProject
Project("{8BC9CEB8-8B4A-11D0-8D11-00A0C91BC942}") = "Lab12.9_test", "Lab12.9_test\Lab12.9_test.vcxproj", "{CD6950C8-50DF-4A54-8C46-CB3F4CFA601A}"
EndProject
Global
	GlobalSection(SolutionConfigurationPlatforms) = preSolution
		Debug|x64 = Debug|x64
		Debug|x86 = Debug|x86
		Release|x64 = Release|x64
		Release|x86 = Release|x86
	EndGlobalSection
	GlobalSection(ProjectConfigurationPlatforms) = postSolution
		{B69B2784-72CD-49BC-BFC9-4681371D0A19}.Debug|x64.ActiveCfg = Debug|x64
		{B69B2784-72CD-49BC-BFC9-4681371D0A19}.Debug|x64.Build.0 = Debug|x64
		{B69B2784-72CD-49BC-BFC9-4681371D0A19}.Debug|x86.ActiveCfg = Debug|Win32
		{B69B2784-72CD-49BC-BFC9-4681371D0A19}.Debug|x86.Build.0 = Debug|Win32
		{B69B2784-72CD-49BC-BFC9-4681371D0A19}.Release|x64.ActiveCfg = Release|x64
		{B69B2784-72CD-49BC-BFC9-4681371D0A19}.Release|x64.Build.0 = Release|x64
		{B69B2784-72CD-49BC-BFC9-4681371D0A19}.Release|x86.ActiveCfg = Release|Win32
		{B69B2784-72CD-49BC-BFC9-4681371D0A19}.Release|x86.Build.0 = Release|Win32
		{CD6950C8-50DF-4A54-8C46-CB3F4CFA601A}.Debug|x64.ActiveCfg = Debug|x64
		{CD6950C8-50DF-4A54-8C46-CB3F4CFA601A}.Debug|x64.Build.0 = Debug|x64
		{CD6950C8-50DF-4A54-8C46-CB3F4CFA601A}.Debug|x86.ActiveCfg = Debug|Win32
		{CD6950C8-50DF-4A54-8C46-CB3F4CFA601A}.Debug|x86.Build.0 = Debug|Win32
		{CD6950C8-50DF-4A54-8C46-CB3F4CFA601A}.Release|x64.ActiveCfg = Release|x64
		{CD6950C8-50DF-4A54-8C46-CB3F4CFA601A}.Release|x64.Build.0 = Release|x64
		{CD6950C8-50DF-4A54-8C46-CB3F4CFA601A}.Release|x86.ActiveCfg = Release|Win32
		{CD6950C8-50DF-4A54-8C46-CB3F4CFA601A}.Release|x86.Build.0 = Release|Win32
	EndGlobalSection
	GlobalSection(SolutionProperties) = preSolution
		HideSolutionNode = FALSE
	EndGlobalSection
EndGlobal
